// !$*UTF8*$!
{
	archiveVersion = 1;
	classes = {
	};
	objectVersion = 46;
	objects = {

/* Begin PBXBuildFile section */
		F40685A71AF44B2A00AE0DEC /* main.m in Sources */ = {isa = PBXBuildFile; fileRef = F40685A61AF44B2A00AE0DEC /* main.m */; };
		F40685AA1AF44B2A00AE0DEC /* AppDelegate.m in Sources */ = {isa = PBXBuildFile; fileRef = F40685A91AF44B2A00AE0DEC /* AppDelegate.m */; };
		F40685AD1AF44B2A00AE0DEC /* ViewController.m in Sources */ = {isa = PBXBuildFile; fileRef = F40685AC1AF44B2A00AE0DEC /* ViewController.m */; };
		F40685B01AF44B2A00AE0DEC /* Main.storyboard in Resources */ = {isa = PBXBuildFile; fileRef = F40685AE1AF44B2A00AE0DEC /* Main.storyboard */; };
		F40685B21AF44B2A00AE0DEC /* Images.xcassets in Resources */ = {isa = PBXBuildFile; fileRef = F40685B11AF44B2A00AE0DEC /* Images.xcassets */; };
		F40685B51AF44B2A00AE0DEC /* LaunchScreen.xib in Resources */ = {isa = PBXBuildFile; fileRef = F40685B31AF44B2A00AE0DEC /* LaunchScreen.xib */; };
		F40685C11AF44B2B00AE0DEC /* ageOfLaikaTests.m in Sources */ = {isa = PBXBuildFile; fileRef = F40685C01AF44B2B00AE0DEC /* ageOfLaikaTests.m */; };
		F40685CD1AF4500100AE0DEC /* spaceDog.jpg in Resources */ = {isa = PBXBuildFile; fileRef = F40685CC1AF4500100AE0DEC /* spaceDog.jpg */; };
/* End PBXBuildFile section */

/* Begin PBXContainerItemProxy section */
		F40685BB1AF44B2B00AE0DEC /* PBXContainerItemProxy */ = {
			isa = PBXContainerItemProxy;
			containerPortal = F40685991AF44B2A00AE0DEC /* Project object */;
			proxyType = 1;
			remoteGlobalIDString = F40685A01AF44B2A00AE0DEC;
			remoteInfo = ageOfLaika;
		};
/* End PBXContainerItemProxy section */

/* Begin PBXFileReference section */
		F40685A11AF44B2A00AE0DEC /* ageOfLaika.app */ = {isa = PBXFileReference; explicitFileType = wrapper.application; includeInIndex = 0; path = ageOfLaika.app; sourceTree = BUILT_PRODUCTS_DIR; };
		F40685A51AF44B2A00AE0DEC /* Info.plist */ = {isa = PBXFileReference; lastKnownFileType = text.plist.xml; path = Info.plist; sourceTree = "<group>"; };
		F40685A61AF44B2A00AE0DEC /* main.m */ = {isa = PBXFileReference; lastKnownFileType = sourcecode.c.objc; path = main.m; sourceTree = "<group>"; };
		F40685A81AF44B2A00AE0DEC /* AppDelegate.h */ = {isa = PBXFileReference; lastKnownFileType = sourcecode.c.h; path = AppDelegate.h; sourceTree = "<group>"; };
		F40685A91AF44B2A00AE0DEC /* AppDelegate.m */ = {isa = PBXFileReference; lastKnownFileType = sourcecode.c.objc; path = AppDelegate.m; sourceTree = "<group>"; };
		F40685AB1AF44B2A00AE0DEC /* ViewController.h */ = {isa = PBXFileReference; lastKnownFileType = sourcecode.c.h; path = ViewController.h; sourceTree = "<group>"; };
		F40685AC1AF44B2A00AE0DEC /* ViewController.m */ = {isa = PBXFileReference; lastKnownFileType = sourcecode.c.objc; path = ViewController.m; sourceTree = "<group>"; };
		F40685AF1AF44B2A00AE0DEC /* Base */ = {isa = PBXFileReference; lastKnownFileType = file.storyboard; name = Base; path = Base.lproj/Main.storyboard; sourceTree = "<group>"; };
		F40685B11AF44B2A00AE0DEC /* Images.xcassets */ = {isa = PBXFileReference; lastKnownFileType = folder.assetcatalog; path = Images.xcassets; sourceTree = "<group>"; };
		F40685B41AF44B2A00AE0DEC /* Base */ = {isa = PBXFileReference; lastKnownFileType = file.xib; name = Base; path = Base.lproj/LaunchScreen.xib; sourceTree = "<group>"; };
		F40685BA1AF44B2B00AE0DEC /* ageOfLaikaTests.xctest */ = {isa = PBXFileReference; explicitFileType = wrapper.cfbundle; includeInIndex = 0; path = ageOfLaikaTests.xctest; sourceTree = BUILT_PRODUCTS_DIR; };
		F40685BF1AF44B2B00AE0DEC /* Info.plist */ = {isa = PBXFileReference; lastKnownFileType = text.plist.xml; path = Info.plist; sourceTree = "<group>"; };
		F40685C01AF44B2B00AE0DEC /* ageOfLaikaTests.m */ = {isa = PBXFileReference; lastKnownFileType = sourcecode.c.objc; path = ageOfLaikaTests.m; sourceTree = "<group>"; };
		F40685CC1AF4500100AE0DEC /* spaceDog.jpg */ = {isa = PBXFileReference; lastKnownFileType = image.jpeg; path = spaceDog.jpg; sourceTree = "<group>"; };
/* End PBXFileReference section */

/* Begin PBXFrameworksBuildPhase section */
		F406859E1AF44B2A00AE0DEC /* Frameworks */ = {
			isa = PBXFrameworksBuildPhase;
			buildActionMask = 2147483647;
			files = (
			);
			runOnlyForDeploymentPostprocessing = 0;
		};
		F40685B71AF44B2B00AE0DEC /* Frameworks */ = {
			isa = PBXFrameworksBuildPhase;
			buildActionMask = 2147483647;
			files = (
			);
			runOnlyForDeploymentPostprocessing = 0;
		};
/* End PBXFrameworksBuildPhase section */

/* Begin PBXGroup section */
		F40685981AF44B2A00AE0DEC = {
			isa = PBXGroup;
			children = (
				F40685A31AF44B2A00AE0DEC /* ageOfLaika */,
				F40685BD1AF44B2B00AE0DEC /* ageOfLaikaTests */,
				F40685A21AF44B2A00AE0DEC /* Products */,
			);
			sourceTree = "<group>";
		};
		F40685A21AF44B2A00AE0DEC /* Products */ = {
			isa = PBXGroup;
			children = (
				F40685A11AF44B2A00AE0DEC /* ageOfLaika.app */,
				F40685BA1AF44B2B00AE0DEC /* ageOfLaikaTests.xctest */,
			);
			name = Products;
			sourceTree = "<group>";
		};
		F40685A31AF44B2A00AE0DEC /* ageOfLaika */ = {
			isa = PBXGroup;
			children = (
				F40685A81AF44B2A00AE0DEC /* AppDelegate.h */,
				F40685A91AF44B2A00AE0DEC /* AppDelegate.m */,
				F40685AB1AF44B2A00AE0DEC /* ViewController.h */,
				F40685AC1AF44B2A00AE0DEC /* ViewController.m */,
				F40685AE1AF44B2A00AE0DEC /* Main.storyboard */,
				F40685CC1AF4500100AE0DEC /* spaceDog.jpg */,
				F40685B11AF44B2A00AE0DEC /* Images.xcassets */,
				F40685B31AF44B2A00AE0DEC /* LaunchScreen.xib */,
				F40685A41AF44B2A00AE0DEC /* Supporting Files */,
			);
			path = ageOfLaika;
			sourceTree = "<group>";
		};
		F40685A41AF44B2A00AE0DEC /* Supporting Files */ = {
			isa = PBXGroup;
			children = (
				F40685A51AF44B2A00AE0DEC /* Info.plist */,
				F40685A61AF44B2A00AE0DEC /* main.m */,
			);
			name = "Supporting Files";
			sourceTree = "<group>";
		};
		F40685BD1AF44B2B00AE0DEC /* ageOfLaikaTests */ = {
			isa = PBXGroup;
			children = (
				F40685C01AF44B2B00AE0DEC /* ageOfLaikaTests.m */,
				F40685BE1AF44B2B00AE0DEC /* Supporting Files */,
			);
			path = ageOfLaikaTests;
			sourceTree = "<group>";
		};
		F40685BE1AF44B2B00AE0DEC /* Supporting Files */ = {
			isa = PBXGroup;
			children = (
				F40685BF1AF44B2B00AE0DEC /* Info.plist */,
			);
			name = "Supporting Files";
			sourceTree = "<group>";
		};
/* End PBXGroup section */

/* Begin PBXNativeTarget section */
		F40685A01AF44B2A00AE0DEC /* ageOfLaika */ = {
			isa = PBXNativeTarget;
			buildConfigurationList = F40685C41AF44B2B00AE0DEC /* Build configuration list for PBXNativeTarget "ageOfLaika" */;
			buildPhases = (
				F406859D1AF44B2A00AE0DEC /* Sources */,
				F406859E1AF44B2A00AE0DEC /* Frameworks */,
				F406859F1AF44B2A00AE0DEC /* Resources */,
			);
			buildRules = (
			);
			dependencies = (
			);
			name = ageOfLaika;
			productName = ageOfLaika;
			productReference = F40685A11AF44B2A00AE0DEC /* ageOfLaika.app */;
			productType = "com.apple.product-type.application";
		};
		F40685B91AF44B2B00AE0DEC /* ageOfLaikaTests */ = {
			isa = PBXNativeTarget;
			buildConfigurationList = F40685C71AF44B2B00AE0DEC /* Build configuration list for PBXNativeTarget "ageOfLaikaTests" */;
			buildPhases = (
				F40685B61AF44B2B00AE0DEC /* Sources */,
				F40685B71AF44B2B00AE0DEC /* Frameworks */,
				F40685B81AF44B2B00AE0DEC /* Resources */,
			);
			buildRules = (
			);
			dependencies = (
				F40685BC1AF44B2B00AE0DEC /* PBXTargetDependency */,
			);
			name = ageOfLaikaTests;
			productName = ageOfLaikaTests;
			productReference = F40685BA1AF44B2B00AE0DEC /* ageOfLaikaTests.xctest */;
			productType = "com.apple.product-type.bundle.unit-test";
		};
/* End PBXNativeTarget section */

/* Begin PBXProject section */
		F40685991AF44B2A00AE0DEC /* Project object */ = {
			isa = PBXProject;
			attributes = {
				LastUpgradeCheck = 0630;
				ORGANIZATIONNAME = "learning, inc";
				TargetAttributes = {
					F40685A01AF44B2A00AE0DEC = {
						CreatedOnToolsVersion = 6.3;
					};
					F40685B91AF44B2B00AE0DEC = {
						CreatedOnToolsVersion = 6.3;
						TestTargetID = F40685A01AF44B2A00AE0DEC;
					};
				};
			};
			buildConfigurationList = F406859C1AF44B2A00AE0DEC /* Build configuration list for PBXProject "ageOfLaika" */;
			compatibilityVersion = "Xcode 3.2";
			developmentRegion = English;
			hasScannedForEncodings = 0;
			knownRegions = (
				en,
				Base,
			);
			mainGroup = F40685981AF44B2A00AE0DEC;
			productRefGroup = F40685A21AF44B2A00AE0DEC /* Products */;
			projectDirPath = "";
			projectRoot = "";
			targets = (
				F40685A01AF44B2A00AE0DEC /* ageOfLaika */,
				F40685B91AF44B2B00AE0DEC /* ageOfLaikaTests */,
			);
		};
/* End PBXProject section */

/* Begin PBXResourcesBuildPhase section */
		F406859F1AF44B2A00AE0DEC /* Resources */ = {
			isa = PBXResourcesBuildPhase;
			buildActionMask = 2147483647;
			files = (
				F40685B01AF44B2A00AE0DEC /* Main.storyboard in Resources */,
				F40685CD1AF4500100AE0DEC /* spaceDog.jpg in Resources */,
				F40685B51AF44B2A00AE0DEC /* LaunchScreen.xib in Resources */,
				F40685B21AF44B2A00AE0DEC /* Images.xcassets in Resources */,
			);
			runOnlyForDeploymentPostprocessing = 0;
		};
		F40685B81AF44B2B00AE0DEC /* Resources */ = {
			isa = PBXResourcesBuildPhase;
			buildActionMask = 2147483647;
			files = (
			);
			runOnlyForDeploymentPostprocessing = 0;
		};
/* End PBXResourcesBuildPhase section */

/* Begin PBXSourcesBuildPhase section */
		F406859D1AF44B2A00AE0DEC /* Sources */ = {
			isa = PBXSourcesBuildPhase;
			buildActionMask = 2147483647;
			files = (
				F40685AD1AF44B2A00AE0DEC /* ViewController.m in Sources */,
				F40685AA1AF44B2A00AE0DEC /* AppDelegate.m in Sources */,
				F40685A71AF44B2A00AE0DEC /* main.m in Sources */,
			);
			runOnlyForDeploymentPostprocessing = 0;
		};
		F40685B61AF44B2B00AE0DEC /* Sources */ = {
			isa = PBXSourcesBuildPhase;
			buildActionMask = 2147483647;
			files = (
				F40685C11AF44B2B00AE0DEC /* ageOfLaikaTests.m in Sources */,
			);
			runOnlyForDeploymentPostprocessing = 0;
		};
/* End PBXSourcesBuildPhase section */

/* Begin PBXTargetDependency section */
		F40685BC1AF44B2B00AE0DEC /* PBXTargetDependency */ = {
			isa = PBXTargetDependency;
			target = F40685A01AF44B2A00AE0DEC /* ageOfLaika */;
			targetProxy = F40685BB1AF44B2B00AE0DEC /* PBXContainerItemProxy */;
		};
/* End PBXTargetDependency section */

/* Begin PBXVariantGroup section */
		F40685AE1AF44B2A00AE0DEC /* Main.storyboard */ = {
			isa = PBXVariantGroup;
			children = (
				F40685AF1AF44B2A00AE0DEC /* Base */,
			);
			name = Main.storyboard;
			sourceTree = "<group>";
		};
		F40685B31AF44B2A00AE0DEC /* LaunchScreen.xib */ = {
			isa = PBXVariantGroup;
			children = (
				F40685B41AF44B2A00AE0DEC /* Base */,
			);
			name = LaunchScreen.xib;
			sourceTree = "<group>";
		};
/* End PBXVariantGroup section */

/* Begin XCBuildConfiguration section */
		F40685C21AF44B2B00AE0DEC /* Debug */ = {
			isa = XCBuildConfiguration;
			buildSettings = {
				ALWAYS_SEARCH_USER_PATHS = NO;
				CLANG_CXX_LANGUAGE_STANDARD = "gnu++0x";
				CLANG_CXX_LIBRARY = "libc++";
				CLANG_ENABLE_MODULES = YES;
				CLANG_ENABLE_OBJC_ARC = YES;
				CLANG_WARN_BOOL_CONVERSION = YES;
				CLANG_WARN_CONSTANT_CONVERSION = YES;
				CLANG_WARN_DIRECT_OBJC_ISA_USAGE = YES_ERROR;
				CLANG_WARN_EMPTY_BODY = YES;
				CLANG_WARN_ENUM_CONVERSION = YES;
				CLANG_WARN_INT_CONVERSION = YES;
				CLANG_WARN_OBJC_ROOT_CLASS = YES_ERROR;
				CLANG_WARN_UNREACHABLE_CODE = YES;
				CLANG_WARN__DUPLICATE_METHOD_MATCH = YES;
				"CODE_SIGN_IDENTITY[sdk=iphoneos*]" = "iPhone Developer";
				COPY_PHASE_STRIP = NO;
				DEBUG_INFORMATION_FORMAT = "dwarf-with-dsym";
				ENABLE_STRICT_OBJC_MSGSEND = YES;
				GCC_C_LANGUAGE_STANDARD = gnu99;
				GCC_DYNAMIC_NO_PIC = NO;
				GCC_NO_COMMON_BLOCKS = YES;
				GCC_OPTIMIZATION_LEVEL = 0;
				GCC_PREPROCESSOR_DEFINITIONS = (
					"DEBUG=1",
					"$(inherited)",
				);
				GCC_SYMBOLS_PRIVATE_EXTERN = NO;
				GCC_WARN_64_TO_32_BIT_CONVERSION = YES;
				GCC_WARN_ABOUT_RETURN_TYPE = YES_ERROR;
				GCC_WARN_UNDECLARED_SELECTOR = YES;
				GCC_WARN_UNINITIALIZED_AUTOS = YES_AGGRESSIVE;
				GCC_WARN_UNUSED_FUNCTION = YES;
				GCC_WARN_UNUSED_VARIABLE = YES;
				IPHONEOS_DEPLOYMENT_TARGET = 8.3;
				MTL_ENABLE_DEBUG_INFO = YES;
				ONLY_ACTIVE_ARCH = YES;
				SDKROOT = iphoneos;
			};
			name = Debug;
		};
		F40685C31AF44B2B00AE0DEC /* Release */ = {
			isa = XCBuildConfiguration;
			buildSettings = {
				ALWAYS_SEARCH_USER_PATHS = NO;
				CLANG_CXX_LANGUAGE_STANDARD = "gnu++0x";
				CLANG_CXX_LIBRARY = "libc++";
				CLANG_ENABLE_MODULES = YES;
				CLANG_ENABLE_OBJC_ARC = YES;
				CLANG_WARN_BOOL_CONVERSION = YES;
				CLANG_WARN_CONSTANT_CONVERSION = YES;
				CLANG_WARN_DIRECT_OBJC_ISA_USAGE = YES_ERROR;
				CLANG_WARN_EMPTY_BODY = YES;
				CLANG_WARN_ENUM_CONVERSION = YES;
				CLANG_WARN_INT_CONVERSION = YES;
				CLANG_WARN_OBJC_ROOT_CLASS = YES_ERROR;
				CLANG_WARN_UNREACHABLE_CODE = YES;
				CLANG_WARN__DUPLICATE_METHOD_MATCH = YES;
				"CODE_SIGN_IDENTITY[sdk=iphoneos*]" = "iPhone Developer";
				COPY_PHASE_STRIP = NO;
				DEBUG_INFORMATION_FORMAT = "dwarf-with-dsym";
				ENABLE_NS_ASSERTIONS = NO;
				ENABLE_STRICT_OBJC_MSGSEND = YES;
				GCC_C_LANGUAGE_STANDARD = gnu99;
				GCC_NO_COMMON_BLOCKS = YES;
				GCC_WARN_64_TO_32_BIT_CONVERSION = YES;
				GCC_WARN_ABOUT_RETURN_TYPE = YES_ERROR;
				GCC_WARN_UNDECLARED_SELECTOR = YES;
				GCC_WARN_UNINITIALIZED_AUTOS = YES_AGGRESSIVE;
				GCC_WARN_UNUSED_FUNCTION = YES;
				GCC_WARN_UNUSED_VARIABLE = YES;
				IPHONEOS_DEPLOYMENT_TARGET = 8.3;
				MTL_ENABLE_DEBUG_INFO = NO;
				SDKROOT = iphoneos;
				VALIDATE_PRODUCT = YES;
			};
			name = Release;
		};
		F40685C51AF44B2B00AE0DEC /* Debug */ = {
			isa = XCBuildConfiguration;
			buildSettings = {
				ASSETCATALOG_COMPILER_APPICON_NAME = AppIcon;
				INFOPLIST_FILE = ageOfLaika/Info.plist;
				LD_RUNPATH_SEARCH_PATHS = "$(inherited) @executable_path/Frameworks";
				PRODUCT_NAME = "$(TARGET_NAME)";
			};
			name = Debug;
		};
		F40685C61AF44B2B00AE0DEC /* Release */ = {
			isa = XCBuildConfiguration;
			buildSettings = {
				ASSETCATALOG_COMPILER_APPICON_NAME = AppIcon;
				INFOPLIST_FILE = ageOfLaika/Info.plist;
				LD_RUNPATH_SEARCH_PATHS = "$(inherited) @executable_path/Frameworks";
				PRODUCT_NAME = "$(TARGET_NAME)";
			};
			name = Release;
		};
		F40685C81AF44B2B00AE0DEC /* Debug */ = {
			isa = XCBuildConfiguration;
			buildSettings = {
				BUNDLE_LOADER = "$(TEST_HOST)";
				FRAMEWORK_SEARCH_PATHS = (
					"$(SDKROOT)/Developer/Library/Frameworks",
					"$(inherited)",
				);
				GCC_PREPROCESSOR_DEFINITIONS = (
					"DEBUG=1",
					"$(inherited)",
				);
				INFOPLIST_FILE = ageOfLaikaTests/Info.plist;
				LD_RUNPATH_SEARCH_PATHS = "$(inherited) @executable_path/Frameworks @loader_path/Frameworks";
				PRODUCT_NAME = "$(TARGET_NAME)";
				TEST_HOST = "$(BUILT_PRODUCTS_DIR)/ageOfLaika.app/ageOfLaika";
			};
			name = Debug;
		};
		F40685C91AF44B2B00AE0DEC /* Release */ = {
			isa = XCBuildConfiguration;
			buildSettings = {
				BUNDLE_LOADER = "$(TEST_HOST)";
				FRAMEWORK_SEARCH_PATHS = (
					"$(SDKROOT)/Developer/Library/Frameworks",
					"$(inherited)",
				);
				INFOPLIST_FILE = ageOfLaikaTests/Info.plist;
				LD_RUNPATH_SEARCH_PATHS = "$(inherited) @executable_path/Frameworks @loader_path/Frameworks";
				PRODUCT_NAME = "$(TARGET_NAME)";
				TEST_HOST = "$(BUILT_PRODUCTS_DIR)/ageOfLaika.app/ageOfLaika";
			};
			name = Release;
		};
/* End XCBuildConfiguration section */

/* Begin XCConfigurationList section */
		F406859C1AF44B2A00AE0DEC /* Build configuration list for PBXProject "ageOfLaika" */ = {
			isa = XCConfigurationList;
			buildConfigurations = (
				F40685C21AF44B2B00AE0DEC /* Debug */,
				F40685C31AF44B2B00AE0DEC /* Release */,
			);
			defaultConfigurationIsVisible = 0;
			defaultConfigurationName = Release;
		};
		F40685C41AF44B2B00AE0DEC /* Build configuration list for PBXNativeTarget "ageOfLaika" */ = {
			isa = XCConfigurationList;
			buildConfigurations = (
				F40685C51AF44B2B00AE0DEC /* Debug */,
				F40685C61AF44B2B00AE0DEC /* Release */,
			);
			defaultConfigurationIsVisible = 0;
		};
		F40685C71AF44B2B00AE0DEC /* Build configuration list for PBXNativeTarget "ageOfLaikaTests" */ = {
			isa = XCConfigurationList;
			buildConfigurations = (
				F40685C81AF44B2B00AE0DEC /* Debug */,
				F40685C91AF44B2B00AE0DEC /* Release */,
			);
			defaultConfigurationIsVisible = 0;
		};
/* End XCConfigurationList section */
	};
	rootObject = F40685991AF44B2A00AE0DEC /* Project object */;
}
